<Solution>
  <Folder Name="/common/">
    <File Path=".editorconfig" />
    <File Path="AGENTS.md" />
    <File Path="compose.yaml" />
    <File Path="Directory.Build.props" />
    <File Path="README.md" />
  </Folder>
  <Folder Name="/docs/">
    <File Path="docs/demo01.png" />
    <File Path="docs/demo02.png" />
    <File Path="docs/main_task.md" />
  </Folder>
  <Folder Name="/infra/">
    <File Path="infra/compose.yaml" />
  </Folder>
  <Folder Name="/src/">
    <Project Path="src/Market.ApiClient/Market.ApiClient.csproj" Id="f45932ee-8317-45fb-912a-1896f914bfb3" />
    <Project Path="src/Market.ConsoleApp/Market.ConsoleApp.csproj" />
    <Project Path="src/Market.Core/Market.Core.csproj" Id="f0162eba-8f10-4e8f-884c-baad07945a5f" />
    <Project Path="src/Market.Gateways.Tinvest/Market.Gateways.Tinvest.csproj" Id="cfb503f7-4d8a-4a0a-9e06-9dffc24fad02" />
    <Project Path="src/Market.Host/Market.Host.csproj" />
  </Folder>
  <Folder Name="/tests/">
    <Project Path="tests/Market.Benchmarks/Market.Benchmarks.csproj" Id="2c9cac3c-1eba-43e1-8a44-311f91f25e6c" />
  </Folder>
</Solution>
