<Solution>
  <Folder Name="/common/">
    <File Path=".editorconfig" />
    <File Path="AGENTS.md" />
    <File Path="Directory.Build.props" />
    <File Path="README.md" />
  </Folder>
  <Folder Name="/docs/">
    <File Path="docs/task001.md" />
  </Folder>
  <Folder Name="/src/">
    <Project Path="src/Vertr.Market.Application/Vertr.Market.Application.csproj" Id="92884657-a2a4-427d-8a10-41d79f766e33" />
    <Project Path="src/Vertr.Market.Host/Vertr.Market.Host.csproj" Id="c8ca6f9b-6d52-49de-9783-0e052f4edee7" />
  </Folder>
  <Folder Name="/tests/">
    <Project Path="tests/Vertr.Market.Application.Tests/Vertr.Market.Application.Tests.csproj" Id="f6500e7a-c76e-4e9b-b7ea-8fa9f35ce58d" />
  </Folder>
</Solution>
