<Solution>
  <Folder Name="/agents/" />
  <Folder Name="/agents/skills/">
    <File Path="agents/skills/clean-architecture.md" />
    <File Path="agents/skills/configuration.md" />
    <File Path="agents/skills/convention-learner.md" />
    <File Path="agents/skills/modern-csharp.md" />
  </Folder>
  <Folder Name="/common/">
    <File Path=".editorconfig" />
    <File Path="AGENTS.md" />
    <File Path="compose.yaml" />
    <File Path="Directory.Build.props" />
    <File Path="Dockerfile" />
    <File Path="README.md" />
  </Folder>
  <Folder Name="/docs/">
    <File Path="docs/task01.md" />
  </Folder>
  <Folder Name="/src/">
    <Project Path="src/Vertr.Market.Host/Vertr.Market.Host.csproj" Id="c8ca6f9b-6d52-49de-9783-0e052f4edee7" />
  </Folder>
  <Folder Name="/tests/" />
</Solution>
